
Microsoft Visual Studio Solution File, Format Version 12.00
# Visual Studio Version 16
VisualStudioVersion = 16.0.31005.135
MinimumVisualStudioVersion = 10.0.40219.1
Project("{FAE04EC0-301F-11D3-BF4B-00C04F79EFBC}") = "DBSPCA", "DBSPCA\DBSPCA.csproj", "{99D885C1-3D3B-42DD-B56F-FA63F066C47D}"
EndProject
Global
	GlobalSection(SolutionConfigurationPlatforms) = preSolution
		Debug|Any CPU = Debug|Any CPU
		Release|Any CPU = Release|Any CPU
	EndGlobalSection
	GlobalSection(ProjectConfigurationPlatforms) = postSolution
		{99D885C1-3D3B-42DD-B56F-FA63F066C47D}.Debug|Any CPU.ActiveCfg = Debug|Any CPU
		{99D885C1-3D3B-42DD-B56F-FA63F066C47D}.Debug|Any CPU.Build.0 = Debug|Any CPU
		{99D885C1-3D3B-42DD-B56F-FA63F066C47D}.Release|Any CPU.ActiveCfg = Release|Any CPU
		{99D885C1-3D3B-42DD-B56F-FA63F066C47D}.Release|Any CPU.Build.0 = Release|Any CPU
	EndGlobalSection
	GlobalSection(SolutionProperties) = preSolution
		HideSolutionNode = FALSE
	EndGlobalSection
	GlobalSection(ExtensibilityGlobals) = postSolution
		SolutionGuid = {1395889C-B92A-4F6D-904D-CF86A679ECA1}
	EndGlobalSection
EndGlobal
